
Microsoft Visual Studio Solution File, Format Version 12.00
# Visual Studio Version 17
VisualStudioVersion = 17.1.32210.238
MinimumVisualStudioVersion = 10.0.40219.1
Project("{F184B08F-C81C-45F6-A57F-5ABD9991F28F}") = "THLTTQ", "THLTTQ\THLTTQ.vbproj", "{0F277962-D610-42D5-BCC2-10D8C0F23DEB}"
EndProject
Global
	GlobalSection(SolutionConfigurationPlatforms) = preSolution
		Debug|Any CPU = Debug|Any CPU
		Release|Any CPU = Release|Any CPU
	EndGlobalSection
	GlobalSection(ProjectConfigurationPlatforms) = postSolution
		{0F277962-D610-42D5-BCC2-10D8C0F23DEB}.Debug|Any CPU.ActiveCfg = Debug|Any CPU
		{0F277962-D610-42D5-BCC2-10D8C0F23DEB}.Debug|Any CPU.Build.0 = Debug|Any CPU
		{0F277962-D610-42D5-BCC2-10D8C0F23DEB}.Release|Any CPU.ActiveCfg = Release|Any CPU
		{0F277962-D610-42D5-BCC2-10D8C0F23DEB}.Release|Any CPU.Build.0 = Release|Any CPU
	EndGlobalSection
	GlobalSection(SolutionProperties) = preSolution
		HideSolutionNode = FALSE
	EndGlobalSection
	GlobalSection(ExtensibilityGlobals) = postSolution
		SolutionGuid = {06774EE0-AF5C-4F1E-82F4-A795E5B6F865}
	EndGlobalSection
EndGlobal
